
Microsoft Visual Studio Solution File, Format Version 12.00
# Visual Studio Version 16
VisualStudioVersion = 16.0.30621.155
MinimumVisualStudioVersion = 10.0.40219.1
Project("{9A19103F-16F7-4668-BE54-9A1E7A4F7556}") = "Vektorel.HelloMvc", "Vektorel.HelloMvc\Vektorel.HelloMvc.csproj", "{59D94C79-4E66-4131-A630-1829DD25DE3A}"
EndProject
Project("{FAE04EC0-301F-11D3-BF4B-00C04F79EFBC}") = "Vektorel.EfApp", "Vektorel.EfApp\Vektorel.EfApp.csproj", "{228F0167-C8EB-4C6C-AEB3-54D311CC9180}"
EndProject
Global
	GlobalSection(SolutionConfigurationPlatforms) = preSolution
		Debug|Any CPU = Debug|Any CPU
		Release|Any CPU = Release|Any CPU
	EndGlobalSection
	GlobalSection(ProjectConfigurationPlatforms) = postSolution
		{59D94C79-4E66-4131-A630-1829DD25DE3A}.Debug|Any CPU.ActiveCfg = Debug|Any CPU
		{59D94C79-4E66-4131-A630-1829DD25DE3A}.Debug|Any CPU.Build.0 = Debug|Any CPU
		{59D94C79-4E66-4131-A630-1829DD25DE3A}.Release|Any CPU.ActiveCfg = Release|Any CPU
		{59D94C79-4E66-4131-A630-1829DD25DE3A}.Release|Any CPU.Build.0 = Release|Any CPU
		{228F0167-C8EB-4C6C-AEB3-54D311CC9180}.Debug|Any CPU.ActiveCfg = Debug|Any CPU
		{228F0167-C8EB-4C6C-AEB3-54D311CC9180}.Debug|Any CPU.Build.0 = Debug|Any CPU
		{228F0167-C8EB-4C6C-AEB3-54D311CC9180}.Release|Any CPU.ActiveCfg = Release|Any CPU
		{228F0167-C8EB-4C6C-AEB3-54D311CC9180}.Release|Any CPU.Build.0 = Release|Any CPU
	EndGlobalSection
	GlobalSection(SolutionProperties) = preSolution
		HideSolutionNode = FALSE
	EndGlobalSection
	GlobalSection(ExtensibilityGlobals) = postSolution
		SolutionGuid = {72AF1694-3CB3-4442-B3A6-0390862D2E55}
	EndGlobalSection
EndGlobal
